
Microsoft Visual Studio Solution File, Format Version 12.00
# Visual Studio Version 17
VisualStudioVersion = 17.1.32328.378
MinimumVisualStudioVersion = 10.0.40219.1
Project("{9A19103F-16F7-4668-BE54-9A1E7A4F7556}") = "SampSharp.MapZones", "SampSharp-MapZones\SampSharp.MapZones.csproj", "{99D11146-BC66-4AF8-9719-0E6F6F21773B}"
EndProject
Global
	GlobalSection(SolutionConfigurationPlatforms) = preSolution
		Debug|Any CPU = Debug|Any CPU
		Release|Any CPU = Release|Any CPU
	EndGlobalSection
	GlobalSection(ProjectConfigurationPlatforms) = postSolution
		{99D11146-BC66-4AF8-9719-0E6F6F21773B}.Debug|Any CPU.ActiveCfg = Debug|Any CPU
		{99D11146-BC66-4AF8-9719-0E6F6F21773B}.Debug|Any CPU.Build.0 = Debug|Any CPU
		{99D11146-BC66-4AF8-9719-0E6F6F21773B}.Release|Any CPU.ActiveCfg = Release|Any CPU
		{99D11146-BC66-4AF8-9719-0E6F6F21773B}.Release|Any CPU.Build.0 = Release|Any CPU
	EndGlobalSection
	GlobalSection(SolutionProperties) = preSolution
		HideSolutionNode = FALSE
	EndGlobalSection
	GlobalSection(ExtensibilityGlobals) = postSolution
		SolutionGuid = {4ABC2408-1E71-4C2B-8671-BD97B3E0EA64}
	EndGlobalSection
EndGlobal
